
Microsoft Visual Studio Solution File, Format Version 12.00
# Visual Studio Version 17
VisualStudioVersion = 17.12.35527.113
MinimumVisualStudioVersion = 10.0.40219.1
Project("{8BC9CEB8-8B4A-11D0-8D11-00A0C91BC942}") = "PauseN", "PauseN\PauseN.vcxproj", "{6B8D2D37-BD9D-43B2-B716-956423A05CA0}"
EndProject
Project("{8BC9CEB8-8B4A-11D0-8D11-00A0C91BC942}") = "BannerText", "BannerText\BannerText.vcxproj", "{2968B888-FF0A-47FE-B31B-51564700EAFF}"
EndProject
Project("{8BC9CEB8-8B4A-11D0-8D11-00A0C91BC942}") = "DNX.Utils", "DNX.Utils\DNX.Utils.vcxproj", "{BD755021-F792-4B24-91F6-4352A88EF567}"
EndProject
Project("{2150E333-8FDC-42A3-9474-1A3956D46DE8}") = "Libraries", "Libraries", "{65675F2E-56BB-4F8E-8A14-6113FD6ACC7B}"
EndProject
Project("{8BC9CEB8-8B4A-11D0-8D11-00A0C91BC942}") = "DNX.App", "DNX.App\DNX.App.vcxproj", "{BD49F55E-7151-4702-92BF-4BD6138496E6}"
EndProject
Project("{2150E333-8FDC-42A3-9474-1A3956D46DE8}") = "Programs", "Programs", "{50EC96D2-6E9C-4F27-A757-2A560FE087CF}"
EndProject
Project("{2150E333-8FDC-42A3-9474-1A3956D46DE8}") = ".docs", ".docs", "{BDB2C450-AD2C-4854-9D5B-F4BC08CDFA97}"
	ProjectSection(SolutionItems) = preProject
		LICENSE = LICENSE
		README.md = README.md
		TODO.md = TODO.md
	EndProjectSection
EndProject
Project("{2150E333-8FDC-42A3-9474-1A3956D46DE8}") = ".code", ".code", "{46824718-46F9-4928-9719-03351D5373FB}"
	ProjectSection(SolutionItems) = preProject
		.gitignore = .gitignore
	EndProjectSection
EndProject
Project("{2150E333-8FDC-42A3-9474-1A3956D46DE8}") = ".build", ".build", "{38B555AD-D4AB-4186-A178-789947E6D37D}"
	ProjectSection(SolutionItems) = preProject
		.github\workflows\ci-build.yml = .github\workflows\ci-build.yml
	EndProjectSection
EndProject
Project("{2150E333-8FDC-42A3-9474-1A3956D46DE8}") = "Common", "Common", "{DAC083BB-2D6B-433B-B819-9826085AE3AB}"
	ProjectSection(SolutionItems) = preProject
		Common\AppInfo.h = Common\AppInfo.h
		Common\BuildInfo.h = Common\BuildInfo.h
		Common\Macros.h = Common\Macros.h
		Common\Version.h = Common\Version.h
	EndProjectSection
EndProject
Project("{2150E333-8FDC-42A3-9474-1A3956D46DE8}") = "Tests", "Tests", "{8A2943F9-A3A0-45E8-B091-3B19F6A3E782}"
EndProject
Project("{8BC9CEB8-8B4A-11D0-8D11-00A0C91BC942}") = "DNX.Utils.Tests", "DNX.Utils.Tests\DNX.Utils.Tests.vcxproj", "{FE553727-0F98-409E-93E2-F8EBC5B2C6BE}"
EndProject
Global
	GlobalSection(SolutionConfigurationPlatforms) = preSolution
		Debug|x64 = Debug|x64
		Debug|x86 = Debug|x86
		Release|x64 = Release|x64
		Release|x86 = Release|x86
	EndGlobalSection
	GlobalSection(ProjectConfigurationPlatforms) = postSolution
		{6B8D2D37-BD9D-43B2-B716-956423A05CA0}.Debug|x64.ActiveCfg = Debug|x64
		{6B8D2D37-BD9D-43B2-B716-956423A05CA0}.Debug|x64.Build.0 = Debug|x64
		{6B8D2D37-BD9D-43B2-B716-956423A05CA0}.Debug|x86.ActiveCfg = Debug|Win32
		{6B8D2D37-BD9D-43B2-B716-956423A05CA0}.Debug|x86.Build.0 = Debug|Win32
		{6B8D2D37-BD9D-43B2-B716-956423A05CA0}.Release|x64.ActiveCfg = Release|x64
		{6B8D2D37-BD9D-43B2-B716-956423A05CA0}.Release|x64.Build.0 = Release|x64
		{6B8D2D37-BD9D-43B2-B716-956423A05CA0}.Release|x86.ActiveCfg = Release|Win32
		{6B8D2D37-BD9D-43B2-B716-956423A05CA0}.Release|x86.Build.0 = Release|Win32
		{2968B888-FF0A-47FE-B31B-51564700EAFF}.Debug|x64.ActiveCfg = Debug|x64
		{2968B888-FF0A-47FE-B31B-51564700EAFF}.Debug|x64.Build.0 = Debug|x64
		{2968B888-FF0A-47FE-B31B-51564700EAFF}.Debug|x86.ActiveCfg = Debug|Win32
		{2968B888-FF0A-47FE-B31B-51564700EAFF}.Debug|x86.Build.0 = Debug|Win32
		{2968B888-FF0A-47FE-B31B-51564700EAFF}.Release|x64.ActiveCfg = Release|x64
		{2968B888-FF0A-47FE-B31B-51564700EAFF}.Release|x64.Build.0 = Release|x64
		{2968B888-FF0A-47FE-B31B-51564700EAFF}.Release|x86.ActiveCfg = Release|Win32
		{2968B888-FF0A-47FE-B31B-51564700EAFF}.Release|x86.Build.0 = Release|Win32
		{BD755021-F792-4B24-91F6-4352A88EF567}.Debug|x64.ActiveCfg = Debug|x64
		{BD755021-F792-4B24-91F6-4352A88EF567}.Debug|x64.Build.0 = Debug|x64
		{BD755021-F792-4B24-91F6-4352A88EF567}.Debug|x86.ActiveCfg = Debug|Win32
		{BD755021-F792-4B24-91F6-4352A88EF567}.Debug|x86.Build.0 = Debug|Win32
		{BD755021-F792-4B24-91F6-4352A88EF567}.Release|x64.ActiveCfg = Release|x64
		{BD755021-F792-4B24-91F6-4352A88EF567}.Release|x64.Build.0 = Release|x64
		{BD755021-F792-4B24-91F6-4352A88EF567}.Release|x86.ActiveCfg = Release|Win32
		{BD755021-F792-4B24-91F6-4352A88EF567}.Release|x86.Build.0 = Release|Win32
		{BD49F55E-7151-4702-92BF-4BD6138496E6}.Debug|x64.ActiveCfg = Debug|x64
		{BD49F55E-7151-4702-92BF-4BD6138496E6}.Debug|x64.Build.0 = Debug|x64
		{BD49F55E-7151-4702-92BF-4BD6138496E6}.Debug|x86.ActiveCfg = Debug|Win32
		{BD49F55E-7151-4702-92BF-4BD6138496E6}.Debug|x86.Build.0 = Debug|Win32
		{BD49F55E-7151-4702-92BF-4BD6138496E6}.Release|x64.ActiveCfg = Release|x64
		{BD49F55E-7151-4702-92BF-4BD6138496E6}.Release|x64.Build.0 = Release|x64
		{BD49F55E-7151-4702-92BF-4BD6138496E6}.Release|x86.ActiveCfg = Release|Win32
		{BD49F55E-7151-4702-92BF-4BD6138496E6}.Release|x86.Build.0 = Release|Win32
		{FE553727-0F98-409E-93E2-F8EBC5B2C6BE}.Debug|x64.ActiveCfg = Debug|x64
		{FE553727-0F98-409E-93E2-F8EBC5B2C6BE}.Debug|x64.Build.0 = Debug|x64
		{FE553727-0F98-409E-93E2-F8EBC5B2C6BE}.Debug|x86.ActiveCfg = Debug|Win32
		{FE553727-0F98-409E-93E2-F8EBC5B2C6BE}.Debug|x86.Build.0 = Debug|Win32
		{FE553727-0F98-409E-93E2-F8EBC5B2C6BE}.Release|x64.ActiveCfg = Release|x64
		{FE553727-0F98-409E-93E2-F8EBC5B2C6BE}.Release|x64.Build.0 = Release|x64
		{FE553727-0F98-409E-93E2-F8EBC5B2C6BE}.Release|x86.ActiveCfg = Release|Win32
		{FE553727-0F98-409E-93E2-F8EBC5B2C6BE}.Release|x86.Build.0 = Release|Win32
	EndGlobalSection
	GlobalSection(SolutionProperties) = preSolution
		HideSolutionNode = FALSE
	EndGlobalSection
	GlobalSection(NestedProjects) = preSolution
		{6B8D2D37-BD9D-43B2-B716-956423A05CA0} = {50EC96D2-6E9C-4F27-A757-2A560FE087CF}
		{2968B888-FF0A-47FE-B31B-51564700EAFF} = {50EC96D2-6E9C-4F27-A757-2A560FE087CF}
		{BD755021-F792-4B24-91F6-4352A88EF567} = {65675F2E-56BB-4F8E-8A14-6113FD6ACC7B}
		{BD49F55E-7151-4702-92BF-4BD6138496E6} = {65675F2E-56BB-4F8E-8A14-6113FD6ACC7B}
		{FE553727-0F98-409E-93E2-F8EBC5B2C6BE} = {8A2943F9-A3A0-45E8-B091-3B19F6A3E782}
	EndGlobalSection
	GlobalSection(ExtensibilityGlobals) = postSolution
		SolutionGuid = {14CB252E-DEB4-45FE-BFB2-C8E87801F070}
	EndGlobalSection
EndGlobal
